# This file was autogenerated by Stack.
# You should not edit this file by hand.
# For more information, please see the documentation at:
#   https://docs.haskellstack.org/en/stable/lock_files

packages:
- completed:
    hackage: selda-postgresql-0.1.8.1@sha256:01d39fa862e2495ce01d06a1ec7b75faa91d71783deb8b2cd3d612ef518780cf,1355
    pantry-tree:
      size: 316
      sha256: 1b511527d0ad8cc6b3ac20a1647927cf936ff4ee05df78edec7d34aa525fae00
  original:
    hackage: selda-postgresql-0.1.8.1@sha256:01d39fa862e2495ce01d06a1ec7b75faa91d71783deb8b2cd3d612ef518780cf,1355
- completed:
    hackage: MissingH-1.4.3.0@sha256:7136282773f7b3e7ce3af856b41dde98a04f9b03c51813c98d040fc060dcaa53,4650
    pantry-tree:
      size: 5271
      sha256: b8e1b8f04bde976538303752932ad6a9ada1eacaa1c28fdb514022fc62be80d6
  original:
    hackage: MissingH-1.4.3.0@sha256:7136282773f7b3e7ce3af856b41dde98a04f9b03c51813c98d040fc060dcaa53,4650
- completed:
    size: 35839
    url: https://github.com/marcusbuffett/full-text-search/archive/2ee84892a2f38abcf4968fa9a362f69cf8158d6f.tar.gz
    name: full-text-search
    version: 0.2.1.4
    sha256: 4ba3509b3bb4f5a3c00ec2d27468b7be6ae1296116d47f57f008f4e85849ce85
    pantry-tree:
      size: 1745
      sha256: 69554466b7fd808b942d986de67a50c35c564f1896327dc6754fa29694b13f12
  original:
    url: https://github.com/marcusbuffett/full-text-search/archive/2ee84892a2f38abcf4968fa9a362f69cf8158d6f.tar.gz
snapshots:
- completed:
    size: 496112
    url: https://raw.githubusercontent.com/commercialhaskell/stackage-snapshots/master/lts/15/15.yaml
    sha256: 86169722ad0056ffc9eacc157ef80ee21d7024f92c0d2961c89ccf432db230a3
  original: lts-15.15
